// !$*UTF8*$!
{
	archiveVersion = 1;
	classes = {
	};
	objectVersion = 51;
	objects = {

/* Begin PBXBuildFile section */
		0608640B654B091E902DC70C /* Pods_FYLottie.framework in Frameworks */ = {isa = PBXBuildFile; fileRef = F77A0D8AD780EA75CB8E2FFE /* Pods_FYLottie.framework */; };
		1E44BEFA254912F4006B8082 /* AppDelegate.swift in Sources */ = {isa = PBXBuildFile; fileRef = 1E44BEF9254912F4006B8082 /* AppDelegate.swift */; };
		1E44BEFC254912F4006B8082 /* SceneDelegate.swift in Sources */ = {isa = PBXBuildFile; fileRef = 1E44BEFB254912F4006B8082 /* SceneDelegate.swift */; };
		1E44BEFE254912F4006B8082 /* ViewController.swift in Sources */ = {isa = PBXBuildFile; fileRef = 1E44BEFD254912F4006B8082 /* ViewController.swift */; };
		1E44BF01254912F4006B8082 /* Main.storyboard in Resources */ = {isa = PBXBuildFile; fileRef = 1E44BEFF254912F4006B8082 /* Main.storyboard */; };
		1E44BF03254912F6006B8082 /* Assets.xcassets in Resources */ = {isa = PBXBuildFile; fileRef = 1E44BF02254912F6006B8082 /* Assets.xcassets */; };
		1E44BF06254912F6006B8082 /* LaunchScreen.storyboard in Resources */ = {isa = PBXBuildFile; fileRef = 1E44BF04254912F6006B8082 /* LaunchScreen.storyboard */; };
		1E44BF11254912F7006B8082 /* FYLottieTests.swift in Sources */ = {isa = PBXBuildFile; fileRef = 1E44BF10254912F7006B8082 /* FYLottieTests.swift */; };
		1E44BF1C254912F7006B8082 /* FYLottieUITests.swift in Sources */ = {isa = PBXBuildFile; fileRef = 1E44BF1B254912F7006B8082 /* FYLottieUITests.swift */; };
		1E44BF3F254914E5006B8082 /* FYAnimRefreshHeader.swift in Sources */ = {isa = PBXBuildFile; fileRef = 1E44BF3E254914E5006B8082 /* FYAnimRefreshHeader.swift */; };
		1E44BF5825491884006B8082 /* Switch.json in Resources */ = {isa = PBXBuildFile; fileRef = 1E44BF4C25491884006B8082 /* Switch.json */; };
		1E44BF5925491884006B8082 /* HappyBirthday.json in Resources */ = {isa = PBXBuildFile; fileRef = 1E44BF4D25491884006B8082 /* HappyBirthday.json */; };
		1E44BF5A25491884006B8082 /* RefreshFooterAnim.json in Resources */ = {isa = PBXBuildFile; fileRef = 1E44BF4E25491884006B8082 /* RefreshFooterAnim.json */; };
		1E44BF5B25491884006B8082 /* RefreshHeaderAnim.json in Resources */ = {isa = PBXBuildFile; fileRef = 1E44BF4F25491884006B8082 /* RefreshHeaderAnim.json */; };
		1E44BF5C25491884006B8082 /* Loading.json in Resources */ = {isa = PBXBuildFile; fileRef = 1E44BF5025491884006B8082 /* Loading.json */; };
		1E44BF5D25491884006B8082 /* LottieLogo.json in Resources */ = {isa = PBXBuildFile; fileRef = 1E44BF5125491884006B8082 /* LottieLogo.json */; };
		1E44BF5E25491884006B8082 /* vcTransition1.json in Resources */ = {isa = PBXBuildFile; fileRef = 1E44BF5225491884006B8082 /* vcTransition1.json */; };
		1E44BF5F25491884006B8082 /* Edit.json in Resources */ = {isa = PBXBuildFile; fileRef = 1E44BF5325491884006B8082 /* Edit.json */; };
		1E44BF6025491884006B8082 /* vcTransition2.json in Resources */ = {isa = PBXBuildFile; fileRef = 1E44BF5425491884006B8082 /* vcTransition2.json */; };
		1E44BF6125491884006B8082 /* EmptyStatus.json in Resources */ = {isa = PBXBuildFile; fileRef = 1E44BF5525491884006B8082 /* EmptyStatus.json */; };
		1E44BF6225491884006B8082 /* RectComp.json in Resources */ = {isa = PBXBuildFile; fileRef = 1E44BF5625491884006B8082 /* RectComp.json */; };
		1E44BF6325491884006B8082 /* Play-Pause.json in Resources */ = {isa = PBXBuildFile; fileRef = 1E44BF5725491884006B8082 /* Play-Pause.json */; };
		1E44BF6825491917006B8082 /* FYAnimRefreshFooter.swift in Sources */ = {isa = PBXBuildFile; fileRef = 1E44BF6725491917006B8082 /* FYAnimRefreshFooter.swift */; };
		463A07123A0AA5393DD6D3A3 /* Pods_FYLottieTests.framework in Frameworks */ = {isa = PBXBuildFile; fileRef = BF2F3C4682BEF951AB6C2A65 /* Pods_FYLottieTests.framework */; };
		EDE0D666A792934266D7A607 /* Pods_FYLottie_FYLottieUITests.framework in Frameworks */ = {isa = PBXBuildFile; fileRef = EC61A97BF4B80C448DF687D8 /* Pods_FYLottie_FYLottieUITests.framework */; };
/* End PBXBuildFile section */

/* Begin PBXContainerItemProxy section */
		1E44BF0D254912F7006B8082 /* PBXContainerItemProxy */ = {
			isa = PBXContainerItemProxy;
			containerPortal = 1E44BEEE254912F4006B8082 /* Project object */;
			proxyType = 1;
			remoteGlobalIDString = 1E44BEF5254912F4006B8082;
			remoteInfo = FYLottie;
		};
		1E44BF18254912F7006B8082 /* PBXContainerItemProxy */ = {
			isa = PBXContainerItemProxy;
			containerPortal = 1E44BEEE254912F4006B8082 /* Project object */;
			proxyType = 1;
			remoteGlobalIDString = 1E44BEF5254912F4006B8082;
			remoteInfo = FYLottie;
		};
/* End PBXContainerItemProxy section */

/* Begin PBXFileReference section */
		0CE23243C3496E41B30C0D18 /* Pods-FYLottie.release.xcconfig */ = {isa = PBXFileReference; includeInIndex = 1; lastKnownFileType = text.xcconfig; name = "Pods-FYLottie.release.xcconfig"; path = "Target Support Files/Pods-FYLottie/Pods-FYLottie.release.xcconfig"; sourceTree = "<group>"; };
		1E44BEF6254912F4006B8082 /* FYLottie.app */ = {isa = PBXFileReference; explicitFileType = wrapper.application; includeInIndex = 0; path = FYLottie.app; sourceTree = BUILT_PRODUCTS_DIR; };
		1E44BEF9254912F4006B8082 /* AppDelegate.swift */ = {isa = PBXFileReference; lastKnownFileType = sourcecode.swift; path = AppDelegate.swift; sourceTree = "<group>"; };
		1E44BEFB254912F4006B8082 /* SceneDelegate.swift */ = {isa = PBXFileReference; lastKnownFileType = sourcecode.swift; path = SceneDelegate.swift; sourceTree = "<group>"; };
		1E44BEFD254912F4006B8082 /* ViewController.swift */ = {isa = PBXFileReference; lastKnownFileType = sourcecode.swift; path = ViewController.swift; sourceTree = "<group>"; };
		1E44BF00254912F4006B8082 /* Base */ = {isa = PBXFileReference; lastKnownFileType = file.storyboard; name = Base; path = Base.lproj/Main.storyboard; sourceTree = "<group>"; };
		1E44BF02254912F6006B8082 /* Assets.xcassets */ = {isa = PBXFileReference; lastKnownFileType = folder.assetcatalog; path = Assets.xcassets; sourceTree = "<group>"; };
		1E44BF05254912F6006B8082 /* Base */ = {isa = PBXFileReference; lastKnownFileType = file.storyboard; name = Base; path = Base.lproj/LaunchScreen.storyboard; sourceTree = "<group>"; };
		1E44BF07254912F6006B8082 /* Info.plist */ = {isa = PBXFileReference; lastKnownFileType = text.plist.xml; path = Info.plist; sourceTree = "<group>"; };
		1E44BF0C254912F7006B8082 /* FYLottieTests.xctest */ = {isa = PBXFileReference; explicitFileType = wrapper.cfbundle; includeInIndex = 0; path = FYLottieTests.xctest; sourceTree = BUILT_PRODUCTS_DIR; };
		1E44BF10254912F7006B8082 /* FYLottieTests.swift */ = {isa = PBXFileReference; lastKnownFileType = sourcecode.swift; path = FYLottieTests.swift; sourceTree = "<group>"; };
		1E44BF12254912F7006B8082 /* Info.plist */ = {isa = PBXFileReference; lastKnownFileType = text.plist.xml; path = Info.plist; sourceTree = "<group>"; };
		1E44BF17254912F7006B8082 /* FYLottieUITests.xctest */ = {isa = PBXFileReference; explicitFileType = wrapper.cfbundle; includeInIndex = 0; path = FYLottieUITests.xctest; sourceTree = BUILT_PRODUCTS_DIR; };
		1E44BF1B254912F7006B8082 /* FYLottieUITests.swift */ = {isa = PBXFileReference; lastKnownFileType = sourcecode.swift; path = FYLottieUITests.swift; sourceTree = "<group>"; };
		1E44BF1D254912F7006B8082 /* Info.plist */ = {isa = PBXFileReference; lastKnownFileType = text.plist.xml; path = Info.plist; sourceTree = "<group>"; };
		1E44BF3E254914E5006B8082 /* FYAnimRefreshHeader.swift */ = {isa = PBXFileReference; lastKnownFileType = sourcecode.swift; path = FYAnimRefreshHeader.swift; sourceTree = "<group>"; };
		1E44BF4C25491884006B8082 /* Switch.json */ = {isa = PBXFileReference; fileEncoding = 4; lastKnownFileType = text.json; path = Switch.json; sourceTree = "<group>"; };
		1E44BF4D25491884006B8082 /* HappyBirthday.json */ = {isa = PBXFileReference; fileEncoding = 4; lastKnownFileType = text.json; path = HappyBirthday.json; sourceTree = "<group>"; };
		1E44BF4E25491884006B8082 /* RefreshFooterAnim.json */ = {isa = PBXFileReference; fileEncoding = 4; lastKnownFileType = text.json; path = RefreshFooterAnim.json; sourceTree = "<group>"; };
		1E44BF4F25491884006B8082 /* RefreshHeaderAnim.json */ = {isa = PBXFileReference; fileEncoding = 4; lastKnownFileType = text.json; path = RefreshHeaderAnim.json; sourceTree = "<group>"; };
		1E44BF5025491884006B8082 /* Loading.json */ = {isa = PBXFileReference; fileEncoding = 4; lastKnownFileType = text.json; path = Loading.json; sourceTree = "<group>"; };
		1E44BF5125491884006B8082 /* LottieLogo.json */ = {isa = PBXFileReference; fileEncoding = 4; lastKnownFileType = text.json; path = LottieLogo.json; sourceTree = "<group>"; };
		1E44BF5225491884006B8082 /* vcTransition1.json */ = {isa = PBXFileReference; fileEncoding = 4; lastKnownFileType = text.json; path = vcTransition1.json; sourceTree = "<group>"; };
		1E44BF5325491884006B8082 /* Edit.json */ = {isa = PBXFileReference; fileEncoding = 4; lastKnownFileType = text.json; path = Edit.json; sourceTree = "<group>"; };
		1E44BF5425491884006B8082 /* vcTransition2.json */ = {isa = PBXFileReference; fileEncoding = 4; lastKnownFileType = text.json; path = vcTransition2.json; sourceTree = "<group>"; };
		1E44BF5525491884006B8082 /* EmptyStatus.json */ = {isa = PBXFileReference; fileEncoding = 4; lastKnownFileType = text.json; path = EmptyStatus.json; sourceTree = "<group>"; };
		1E44BF5625491884006B8082 /* RectComp.json */ = {isa = PBXFileReference; fileEncoding = 4; lastKnownFileType = text.json; path = RectComp.json; sourceTree = "<group>"; };
		1E44BF5725491884006B8082 /* Play-Pause.json */ = {isa = PBXFileReference; fileEncoding = 4; lastKnownFileType = text.json; path = "Play-Pause.json"; sourceTree = "<group>"; };
		1E44BF6725491917006B8082 /* FYAnimRefreshFooter.swift */ = {isa = PBXFileReference; lastKnownFileType = sourcecode.swift; path = FYAnimRefreshFooter.swift; sourceTree = "<group>"; };
		541950486609415F89CBDFF1 /* Pods-FYLottie.debug.xcconfig */ = {isa = PBXFileReference; includeInIndex = 1; lastKnownFileType = text.xcconfig; name = "Pods-FYLottie.debug.xcconfig"; path = "Target Support Files/Pods-FYLottie/Pods-FYLottie.debug.xcconfig"; sourceTree = "<group>"; };
		ACE7077ACFACB027589A6B6D /* Pods-FYLottie-FYLottieUITests.release.xcconfig */ = {isa = PBXFileReference; includeInIndex = 1; lastKnownFileType = text.xcconfig; name = "Pods-FYLottie-FYLottieUITests.release.xcconfig"; path = "Target Support Files/Pods-FYLottie-FYLottieUITests/Pods-FYLottie-FYLottieUITests.release.xcconfig"; sourceTree = "<group>"; };
		BF2F3C4682BEF951AB6C2A65 /* Pods_FYLottieTests.framework */ = {isa = PBXFileReference; explicitFileType = wrapper.framework; includeInIndex = 0; path = Pods_FYLottieTests.framework; sourceTree = BUILT_PRODUCTS_DIR; };
		D9836131CDDBF90CD1AA0458 /* Pods-FYLottieTests.debug.xcconfig */ = {isa = PBXFileReference; includeInIndex = 1; lastKnownFileType = text.xcconfig; name = "Pods-FYLottieTests.debug.xcconfig"; path = "Target Support Files/Pods-FYLottieTests/Pods-FYLottieTests.debug.xcconfig"; sourceTree = "<group>"; };
		E324AC9FDD6E942400349E27 /* Pods-FYLottieTests.release.xcconfig */ = {isa = PBXFileReference; includeInIndex = 1; lastKnownFileType = text.xcconfig; name = "Pods-FYLottieTests.release.xcconfig"; path = "Target Support Files/Pods-FYLottieTests/Pods-FYLottieTests.release.xcconfig"; sourceTree = "<group>"; };
		EC61A97BF4B80C448DF687D8 /* Pods_FYLottie_FYLottieUITests.framework */ = {isa = PBXFileReference; explicitFileType = wrapper.framework; includeInIndex = 0; path = Pods_FYLottie_FYLottieUITests.framework; sourceTree = BUILT_PRODUCTS_DIR; };
		F77A0D8AD780EA75CB8E2FFE /* Pods_FYLottie.framework */ = {isa = PBXFileReference; explicitFileType = wrapper.framework; includeInIndex = 0; path = Pods_FYLottie.framework; sourceTree = BUILT_PRODUCTS_DIR; };
		FD826D4A6425A681A99B2546 /* Pods-FYLottie-FYLottieUITests.debug.xcconfig */ = {isa = PBXFileReference; includeInIndex = 1; lastKnownFileType = text.xcconfig; name = "Pods-FYLottie-FYLottieUITests.debug.xcconfig"; path = "Target Support Files/Pods-FYLottie-FYLottieUITests/Pods-FYLottie-FYLottieUITests.debug.xcconfig"; sourceTree = "<group>"; };
/* End PBXFileReference section */

/* Begin PBXFrameworksBuildPhase section */
		1E44BEF3254912F4006B8082 /* Frameworks */ = {
			isa = PBXFrameworksBuildPhase;
			buildActionMask = 2147483647;
			files = (
				0608640B654B091E902DC70C /* Pods_FYLottie.framework in Frameworks */,
			);
			runOnlyForDeploymentPostprocessing = 0;
		};
		1E44BF09254912F7006B8082 /* Frameworks */ = {
			isa = PBXFrameworksBuildPhase;
			buildActionMask = 2147483647;
			files = (
				463A07123A0AA5393DD6D3A3 /* Pods_FYLottieTests.framework in Frameworks */,
			);
			runOnlyForDeploymentPostprocessing = 0;
		};
		1E44BF14254912F7006B8082 /* Frameworks */ = {
			isa = PBXFrameworksBuildPhase;
			buildActionMask = 2147483647;
			files = (
				EDE0D666A792934266D7A607 /* Pods_FYLottie_FYLottieUITests.framework in Frameworks */,
			);
			runOnlyForDeploymentPostprocessing = 0;
		};
/* End PBXFrameworksBuildPhase section */

/* Begin PBXGroup section */
		1E44BEED254912F4006B8082 = {
			isa = PBXGroup;
			children = (
				1E44BEF8254912F4006B8082 /* FYLottie */,
				1E44BF0F254912F7006B8082 /* FYLottieTests */,
				1E44BF1A254912F7006B8082 /* FYLottieUITests */,
				1E44BEF7254912F4006B8082 /* Products */,
				FA0BB13EBF1B3DDF15423297 /* Pods */,
				6E52DB647D03B58A3949DE08 /* Frameworks */,
			);
			sourceTree = "<group>";
		};
		1E44BEF7254912F4006B8082 /* Products */ = {
			isa = PBXGroup;
			children = (
				1E44BEF6254912F4006B8082 /* FYLottie.app */,
				1E44BF0C254912F7006B8082 /* FYLottieTests.xctest */,
				1E44BF17254912F7006B8082 /* FYLottieUITests.xctest */,
			);
			name = Products;
			sourceTree = "<group>";
		};
		1E44BEF8254912F4006B8082 /* FYLottie */ = {
			isa = PBXGroup;
			children = (
				1E44BEF9254912F4006B8082 /* AppDelegate.swift */,
				1E44BEFB254912F4006B8082 /* SceneDelegate.swift */,
				1E44BEFD254912F4006B8082 /* ViewController.swift */,
				1E44BF3D254914C2006B8082 /* Fresh */,
				1E44BEFF254912F4006B8082 /* Main.storyboard */,
				1E44BF4B25491884006B8082 /* Lottie-Files */,
				1E44BF02254912F6006B8082 /* Assets.xcassets */,
				1E44BF04254912F6006B8082 /* LaunchScreen.storyboard */,
				1E44BF07254912F6006B8082 /* Info.plist */,
			);
			path = FYLottie;
			sourceTree = "<group>";
		};
		1E44BF0F254912F7006B8082 /* FYLottieTests */ = {
			isa = PBXGroup;
			children = (
				1E44BF10254912F7006B8082 /* FYLottieTests.swift */,
				1E44BF12254912F7006B8082 /* Info.plist */,
			);
			path = FYLottieTests;
			sourceTree = "<group>";
		};
		1E44BF1A254912F7006B8082 /* FYLottieUITests */ = {
			isa = PBXGroup;
			children = (
				1E44BF1B254912F7006B8082 /* FYLottieUITests.swift */,
				1E44BF1D254912F7006B8082 /* Info.plist */,
			);
			path = FYLottieUITests;
			sourceTree = "<group>";
		};
		1E44BF3D254914C2006B8082 /* Fresh */ = {
			isa = PBXGroup;
			children = (
				1E44BF3E254914E5006B8082 /* FYAnimRefreshHeader.swift */,
				1E44BF6725491917006B8082 /* FYAnimRefreshFooter.swift */,
			);
			path = Fresh;
			sourceTree = "<group>";
		};
		1E44BF4B25491884006B8082 /* Lottie-Files */ = {
			isa = PBXGroup;
			children = (
				1E44BF4C25491884006B8082 /* Switch.json */,
				1E44BF4D25491884006B8082 /* HappyBirthday.json */,
				1E44BF4E25491884006B8082 /* RefreshFooterAnim.json */,
				1E44BF4F25491884006B8082 /* RefreshHeaderAnim.json */,
				1E44BF5025491884006B8082 /* Loading.json */,
				1E44BF5125491884006B8082 /* LottieLogo.json */,
				1E44BF5225491884006B8082 /* vcTransition1.json */,
				1E44BF5325491884006B8082 /* Edit.json */,
				1E44BF5425491884006B8082 /* vcTransition2.json */,
				1E44BF5525491884006B8082 /* EmptyStatus.json */,
				1E44BF5625491884006B8082 /* RectComp.json */,
				1E44BF5725491884006B8082 /* Play-Pause.json */,
			);
			path = "Lottie-Files";
			sourceTree = "<group>";
		};
		6E52DB647D03B58A3949DE08 /* Frameworks */ = {
			isa = PBXGroup;
			children = (
				F77A0D8AD780EA75CB8E2FFE /* Pods_FYLottie.framework */,
				EC61A97BF4B80C448DF687D8 /* Pods_FYLottie_FYLottieUITests.framework */,
				BF2F3C4682BEF951AB6C2A65 /* Pods_FYLottieTests.framework */,
			);
			name = Frameworks;
			sourceTree = "<group>";
		};
		FA0BB13EBF1B3DDF15423297 /* Pods */ = {
			isa = PBXGroup;
			children = (
				541950486609415F89CBDFF1 /* Pods-FYLottie.debug.xcconfig */,
				0CE23243C3496E41B30C0D18 /* Pods-FYLottie.release.xcconfig */,
				FD826D4A6425A681A99B2546 /* Pods-FYLottie-FYLottieUITests.debug.xcconfig */,
				ACE7077ACFACB027589A6B6D /* Pods-FYLottie-FYLottieUITests.release.xcconfig */,
				D9836131CDDBF90CD1AA0458 /* Pods-FYLottieTests.debug.xcconfig */,
				E324AC9FDD6E942400349E27 /* Pods-FYLottieTests.release.xcconfig */,
			);
			path = Pods;
			sourceTree = "<group>";
		};
/* End PBXGroup section */

/* Begin PBXNativeTarget section */
		1E44BEF5254912F4006B8082 /* FYLottie */ = {
			isa = PBXNativeTarget;
			buildConfigurationList = 1E44BF20254912F7006B8082 /* Build configuration list for PBXNativeTarget "FYLottie" */;
			buildPhases = (
				33B895DEAC7C4E7658ABC9B5 /* [CP] Check Pods Manifest.lock */,
				1E44BEF2254912F4006B8082 /* Sources */,
				1E44BEF3254912F4006B8082 /* Frameworks */,
				1E44BEF4254912F4006B8082 /* Resources */,
				983E1EA5EF2357BB8A498AF0 /* [CP] Embed Pods Frameworks */,
			);
			buildRules = (
			);
			dependencies = (
			);
			name = FYLottie;
			productName = FYLottie;
			productReference = 1E44BEF6254912F4006B8082 /* FYLottie.app */;
			productType = "com.apple.product-type.application";
		};
		1E44BF0B254912F7006B8082 /* FYLottieTests */ = {
			isa = PBXNativeTarget;
			buildConfigurationList = 1E44BF23254912F7006B8082 /* Build configuration list for PBXNativeTarget "FYLottieTests" */;
			buildPhases = (
				B0BA61CB6F643C7BA2B2A57A /* [CP] Check Pods Manifest.lock */,
				1E44BF08254912F7006B8082 /* Sources */,
				1E44BF09254912F7006B8082 /* Frameworks */,
				1E44BF0A254912F7006B8082 /* Resources */,
			);
			buildRules = (
			);
			dependencies = (
				1E44BF0E254912F7006B8082 /* PBXTargetDependency */,
			);
			name = FYLottieTests;
			productName = FYLottieTests;
			productReference = 1E44BF0C254912F7006B8082 /* FYLottieTests.xctest */;
			productType = "com.apple.product-type.bundle.unit-test";
		};
		1E44BF16254912F7006B8082 /* FYLottieUITests */ = {
			isa = PBXNativeTarget;
			buildConfigurationList = 1E44BF26254912F7006B8082 /* Build configuration list for PBXNativeTarget "FYLottieUITests" */;
			buildPhases = (
				5B3D9C01D6DEC5FFE479D76A /* [CP] Check Pods Manifest.lock */,
				1E44BF13254912F7006B8082 /* Sources */,
				1E44BF14254912F7006B8082 /* Frameworks */,
				1E44BF15254912F7006B8082 /* Resources */,
				627043430DF2D825EA6239EC /* [CP] Embed Pods Frameworks */,
			);
			buildRules = (
			);
			dependencies = (
				1E44BF19254912F7006B8082 /* PBXTargetDependency */,
			);
			name = FYLottieUITests;
			productName = FYLottieUITests;
			productReference = 1E44BF17254912F7006B8082 /* FYLottieUITests.xctest */;
			productType = "com.apple.product-type.bundle.ui-testing";
		};
/* End PBXNativeTarget section */

/* Begin PBXProject section */
		1E44BEEE254912F4006B8082 /* Project object */ = {
			isa = PBXProject;
			attributes = {
				LastSwiftUpdateCheck = 1210;
				LastUpgradeCheck = 1210;
				TargetAttributes = {
					1E44BEF5254912F4006B8082 = {
						CreatedOnToolsVersion = 12.1;
					};
					1E44BF0B254912F7006B8082 = {
						CreatedOnToolsVersion = 12.1;
						TestTargetID = 1E44BEF5254912F4006B8082;
					};
					1E44BF16254912F7006B8082 = {
						CreatedOnToolsVersion = 12.1;
						TestTargetID = 1E44BEF5254912F4006B8082;
					};
				};
			};
			buildConfigurationList = 1E44BEF1254912F4006B8082 /* Build configuration list for PBXProject "FYLottie" */;
			compatibilityVersion = "Xcode 9.3";
			developmentRegion = en;
			hasScannedForEncodings = 0;
			knownRegions = (
				en,
				Base,
			);
			mainGroup = 1E44BEED254912F4006B8082;
			productRefGroup = 1E44BEF7254912F4006B8082 /* Products */;
			projectDirPath = "";
			projectRoot = "";
			targets = (
				1E44BEF5254912F4006B8082 /* FYLottie */,
				1E44BF0B254912F7006B8082 /* FYLottieTests */,
				1E44BF16254912F7006B8082 /* FYLottieUITests */,
			);
		};
/* End PBXProject section */

/* Begin PBXResourcesBuildPhase section */
		1E44BEF4254912F4006B8082 /* Resources */ = {
			isa = PBXResourcesBuildPhase;
			buildActionMask = 2147483647;
			files = (
				1E44BF5925491884006B8082 /* HappyBirthday.json in Resources */,
				1E44BF5F25491884006B8082 /* Edit.json in Resources */,
				1E44BF5E25491884006B8082 /* vcTransition1.json in Resources */,
				1E44BF6125491884006B8082 /* EmptyStatus.json in Resources */,
				1E44BF06254912F6006B8082 /* LaunchScreen.storyboard in Resources */,
				1E44BF6025491884006B8082 /* vcTransition2.json in Resources */,
				1E44BF5C25491884006B8082 /* Loading.json in Resources */,
				1E44BF5B25491884006B8082 /* RefreshHeaderAnim.json in Resources */,
				1E44BF5825491884006B8082 /* Switch.json in Resources */,
				1E44BF6325491884006B8082 /* Play-Pause.json in Resources */,
				1E44BF5A25491884006B8082 /* RefreshFooterAnim.json in Resources */,
				1E44BF03254912F6006B8082 /* Assets.xcassets in Resources */,
				1E44BF01254912F4006B8082 /* Main.storyboard in Resources */,
				1E44BF6225491884006B8082 /* RectComp.json in Resources */,
				1E44BF5D25491884006B8082 /* LottieLogo.json in Resources */,
			);
			runOnlyForDeploymentPostprocessing = 0;
		};
		1E44BF0A254912F7006B8082 /* Resources */ = {
			isa = PBXResourcesBuildPhase;
			buildActionMask = 2147483647;
			files = (
			);
			runOnlyForDeploymentPostprocessing = 0;
		};
		1E44BF15254912F7006B8082 /* Resources */ = {
			isa = PBXResourcesBuildPhase;
			buildActionMask = 2147483647;
			files = (
			);
			runOnlyForDeploymentPostprocessing = 0;
		};
/* End PBXResourcesBuildPhase section */

/* Begin PBXShellScriptBuildPhase section */
		33B895DEAC7C4E7658ABC9B5 /* [CP] Check Pods Manifest.lock */ = {
			isa = PBXShellScriptBuildPhase;
			buildActionMask = 2147483647;
			files = (
			);
			inputFileListPaths = (
			);
			inputPaths = (
				"${PODS_PODFILE_DIR_PATH}/Podfile.lock",
				"${PODS_ROOT}/Manifest.lock",
			);
			name = "[CP] Check Pods Manifest.lock";
			outputFileListPaths = (
			);
			outputPaths = (
				"$(DERIVED_FILE_DIR)/Pods-FYLottie-checkManifestLockResult.txt",
			);
			runOnlyForDeploymentPostprocessing = 0;
			shellPath = /bin/sh;
			shellScript = "diff \"${PODS_PODFILE_DIR_PATH}/Podfile.lock\" \"${PODS_ROOT}/Manifest.lock\" > /dev/null\nif [ $? != 0 ] ; then\n    # print error to STDERR\n    echo \"error: The sandbox is not in sync with the Podfile.lock. Run 'pod install' or update your CocoaPods installation.\" >&2\n    exit 1\nfi\n# This output is used by Xcode 'outputs' to avoid re-running this script phase.\necho \"SUCCESS\" > \"${SCRIPT_OUTPUT_FILE_0}\"\n";
			showEnvVarsInLog = 0;
		};
		5B3D9C01D6DEC5FFE479D76A /* [CP] Check Pods Manifest.lock */ = {
			isa = PBXShellScriptBuildPhase;
			buildActionMask = 2147483647;
			files = (
			);
			inputFileListPaths = (
			);
			inputPaths = (
				"${PODS_PODFILE_DIR_PATH}/Podfile.lock",
				"${PODS_ROOT}/Manifest.lock",
			);
			name = "[CP] Check Pods Manifest.lock";
			outputFileListPaths = (
			);
			outputPaths = (
				"$(DERIVED_FILE_DIR)/Pods-FYLottie-FYLottieUITests-checkManifestLockResult.txt",
			);
			runOnlyForDeploymentPostprocessing = 0;
			shellPath = /bin/sh;
			shellScript = "diff \"${PODS_PODFILE_DIR_PATH}/Podfile.lock\" \"${PODS_ROOT}/Manifest.lock\" > /dev/null\nif [ $? != 0 ] ; then\n    # print error to STDERR\n    echo \"error: The sandbox is not in sync with the Podfile.lock. Run 'pod install' or update your CocoaPods installation.\" >&2\n    exit 1\nfi\n# This output is used by Xcode 'outputs' to avoid re-running this script phase.\necho \"SUCCESS\" > \"${SCRIPT_OUTPUT_FILE_0}\"\n";
			showEnvVarsInLog = 0;
		};
		627043430DF2D825EA6239EC /* [CP] Embed Pods Frameworks */ = {
			isa = PBXShellScriptBuildPhase;
			buildActionMask = 2147483647;
			files = (
			);
			inputFileListPaths = (
				"${PODS_ROOT}/Target Support Files/Pods-FYLottie-FYLottieUITests/Pods-FYLottie-FYLottieUITests-frameworks-${CONFIGURATION}-input-files.xcfilelist",
			);
			name = "[CP] Embed Pods Frameworks";
			outputFileListPaths = (
				"${PODS_ROOT}/Target Support Files/Pods-FYLottie-FYLottieUITests/Pods-FYLottie-FYLottieUITests-frameworks-${CONFIGURATION}-output-files.xcfilelist",
			);
			runOnlyForDeploymentPostprocessing = 0;
			shellPath = /bin/sh;
			shellScript = "\"${PODS_ROOT}/Target Support Files/Pods-FYLottie-FYLottieUITests/Pods-FYLottie-FYLottieUITests-frameworks.sh\"\n";
			showEnvVarsInLog = 0;
		};
		983E1EA5EF2357BB8A498AF0 /* [CP] Embed Pods Frameworks */ = {
			isa = PBXShellScriptBuildPhase;
			buildActionMask = 2147483647;
			files = (
			);
			inputFileListPaths = (
				"${PODS_ROOT}/Target Support Files/Pods-FYLottie/Pods-FYLottie-frameworks-${CONFIGURATION}-input-files.xcfilelist",
			);
			name = "[CP] Embed Pods Frameworks";
			outputFileListPaths = (
				"${PODS_ROOT}/Target Support Files/Pods-FYLottie/Pods-FYLottie-frameworks-${CONFIGURATION}-output-files.xcfilelist",
			);
			runOnlyForDeploymentPostprocessing = 0;
			shellPath = /bin/sh;
			shellScript = "\"${PODS_ROOT}/Target Support Files/Pods-FYLottie/Pods-FYLottie-frameworks.sh\"\n";
			showEnvVarsInLog = 0;
		};
		B0BA61CB6F643C7BA2B2A57A /* [CP] Check Pods Manifest.lock */ = {
			isa = PBXShellScriptBuildPhase;
			buildActionMask = 2147483647;
			files = (
			);
			inputFileListPaths = (
			);
			inputPaths = (
				"${PODS_PODFILE_DIR_PATH}/Podfile.lock",
				"${PODS_ROOT}/Manifest.lock",
			);
			name = "[CP] Check Pods Manifest.lock";
			outputFileListPaths = (
			);
			outputPaths = (
				"$(DERIVED_FILE_DIR)/Pods-FYLottieTests-checkManifestLockResult.txt",
			);
			runOnlyForDeploymentPostprocessing = 0;
			shellPath = /bin/sh;
			shellScript = "diff \"${PODS_PODFILE_DIR_PATH}/Podfile.lock\" \"${PODS_ROOT}/Manifest.lock\" > /dev/null\nif [ $? != 0 ] ; then\n    # print error to STDERR\n    echo \"error: The sandbox is not in sync with the Podfile.lock. Run 'pod install' or update your CocoaPods installation.\" >&2\n    exit 1\nfi\n# This output is used by Xcode 'outputs' to avoid re-running this script phase.\necho \"SUCCESS\" > \"${SCRIPT_OUTPUT_FILE_0}\"\n";
			showEnvVarsInLog = 0;
		};
/* End PBXShellScriptBuildPhase section */

/* Begin PBXSourcesBuildPhase section */
		1E44BEF2254912F4006B8082 /* Sources */ = {
			isa = PBXSourcesBuildPhase;
			buildActionMask = 2147483647;
			files = (
				1E44BF6825491917006B8082 /* FYAnimRefreshFooter.swift in Sources */,
				1E44BF3F254914E5006B8082 /* FYAnimRefreshHeader.swift in Sources */,
				1E44BEFE254912F4006B8082 /* ViewController.swift in Sources */,
				1E44BEFA254912F4006B8082 /* AppDelegate.swift in Sources */,
				1E44BEFC254912F4006B8082 /* SceneDelegate.swift in Sources */,
			);
			runOnlyForDeploymentPostprocessing = 0;
		};
		1E44BF08254912F7006B8082 /* Sources */ = {
			isa = PBXSourcesBuildPhase;
			buildActionMask = 2147483647;
			files = (
				1E44BF11254912F7006B8082 /* FYLottieTests.swift in Sources */,
			);
			runOnlyForDeploymentPostprocessing = 0;
		};
		1E44BF13254912F7006B8082 /* Sources */ = {
			isa = PBXSourcesBuildPhase;
			buildActionMask = 2147483647;
			files = (
				1E44BF1C254912F7006B8082 /* FYLottieUITests.swift in Sources */,
			);
			runOnlyForDeploymentPostprocessing = 0;
		};
/* End PBXSourcesBuildPhase section */

/* Begin PBXTargetDependency section */
		1E44BF0E254912F7006B8082 /* PBXTargetDependency */ = {
			isa = PBXTargetDependency;
			target = 1E44BEF5254912F4006B8082 /* FYLottie */;
			targetProxy = 1E44BF0D254912F7006B8082 /* PBXContainerItemProxy */;
		};
		1E44BF19254912F7006B8082 /* PBXTargetDependency */ = {
			isa = PBXTargetDependency;
			target = 1E44BEF5254912F4006B8082 /* FYLottie */;
			targetProxy = 1E44BF18254912F7006B8082 /* PBXContainerItemProxy */;
		};
/* End PBXTargetDependency section */

/* Begin PBXVariantGroup section */
		1E44BEFF254912F4006B8082 /* Main.storyboard */ = {
			isa = PBXVariantGroup;
			children = (
				1E44BF00254912F4006B8082 /* Base */,
			);
			name = Main.storyboard;
			sourceTree = "<group>";
		};
		1E44BF04254912F6006B8082 /* LaunchScreen.storyboard */ = {
			isa = PBXVariantGroup;
			children = (
				1E44BF05254912F6006B8082 /* Base */,
			);
			name = LaunchScreen.storyboard;
			sourceTree = "<group>";
		};
/* End PBXVariantGroup section */

/* Begin XCBuildConfiguration section */
		1E44BF1E254912F7006B8082 /* Debug */ = {
			isa = XCBuildConfiguration;
			buildSettings = {
				ALWAYS_SEARCH_USER_PATHS = NO;
				CLANG_ANALYZER_NONNULL = YES;
				CLANG_ANALYZER_NUMBER_OBJECT_CONVERSION = YES_AGGRESSIVE;
				CLANG_CXX_LANGUAGE_STANDARD = "gnu++14";
				CLANG_CXX_LIBRARY = "libc++";
				CLANG_ENABLE_MODULES = YES;
				CLANG_ENABLE_OBJC_ARC = YES;
				CLANG_ENABLE_OBJC_WEAK = YES;
				CLANG_WARN_BLOCK_CAPTURE_AUTORELEASING = YES;
				CLANG_WARN_BOOL_CONVERSION = YES;
				CLANG_WARN_COMMA = YES;
				CLANG_WARN_CONSTANT_CONVERSION = YES;
				CLANG_WARN_DEPRECATED_OBJC_IMPLEMENTATIONS = YES;
				CLANG_WARN_DIRECT_OBJC_ISA_USAGE = YES_ERROR;
				CLANG_WARN_DOCUMENTATION_COMMENTS = YES;
				CLANG_WARN_EMPTY_BODY = YES;
				CLANG_WARN_ENUM_CONVERSION = YES;
				CLANG_WARN_INFINITE_RECURSION = YES;
				CLANG_WARN_INT_CONVERSION = YES;
				CLANG_WARN_NON_LITERAL_NULL_CONVERSION = YES;
				CLANG_WARN_OBJC_IMPLICIT_RETAIN_SELF = YES;
				CLANG_WARN_OBJC_LITERAL_CONVERSION = YES;
				CLANG_WARN_OBJC_ROOT_CLASS = YES_ERROR;
				CLANG_WARN_QUOTED_INCLUDE_IN_FRAMEWORK_HEADER = YES;
				CLANG_WARN_RANGE_LOOP_ANALYSIS = YES;
				CLANG_WARN_STRICT_PROTOTYPES = YES;
				CLANG_WARN_SUSPICIOUS_MOVE = YES;
				CLANG_WARN_UNGUARDED_AVAILABILITY = YES_AGGRESSIVE;
				CLANG_WARN_UNREACHABLE_CODE = YES;
				CLANG_WARN__DUPLICATE_METHOD_MATCH = YES;
				COPY_PHASE_STRIP = NO;
				DEBUG_INFORMATION_FORMAT = dwarf;
				ENABLE_STRICT_OBJC_MSGSEND = YES;
				ENABLE_TESTABILITY = YES;
				GCC_C_LANGUAGE_STANDARD = gnu11;
				GCC_DYNAMIC_NO_PIC = NO;
				GCC_NO_COMMON_BLOCKS = YES;
				GCC_OPTIMIZATION_LEVEL = 0;
				GCC_PREPROCESSOR_DEFINITIONS = (
					"DEBUG=1",
					"$(inherited)",
				);
				GCC_WARN_64_TO_32_BIT_CONVERSION = YES;
				GCC_WARN_ABOUT_RETURN_TYPE = YES_ERROR;
				GCC_WARN_UNDECLARED_SELECTOR = YES;
				GCC_WARN_UNINITIALIZED_AUTOS = YES_AGGRESSIVE;
				GCC_WARN_UNUSED_FUNCTION = YES;
				GCC_WARN_UNUSED_VARIABLE = YES;
				IPHONEOS_DEPLOYMENT_TARGET = 14.1;
				MTL_ENABLE_DEBUG_INFO = INCLUDE_SOURCE;
				MTL_FAST_MATH = YES;
				ONLY_ACTIVE_ARCH = YES;
				SDKROOT = iphoneos;
				SWIFT_ACTIVE_COMPILATION_CONDITIONS = DEBUG;
				SWIFT_OPTIMIZATION_LEVEL = "-Onone";
			};
			name = Debug;
		};
		1E44BF1F254912F7006B8082 /* Release */ = {
			isa = XCBuildConfiguration;
			buildSettings = {
				ALWAYS_SEARCH_USER_PATHS = NO;
				CLANG_ANALYZER_NONNULL = YES;
				CLANG_ANALYZER_NUMBER_OBJECT_CONVERSION = YES_AGGRESSIVE;
				CLANG_CXX_LANGUAGE_STANDARD = "gnu++14";
				CLANG_CXX_LIBRARY = "libc++";
				CLANG_ENABLE_MODULES = YES;
				CLANG_ENABLE_OBJC_ARC = YES;
				CLANG_ENABLE_OBJC_WEAK = YES;
				CLANG_WARN_BLOCK_CAPTURE_AUTORELEASING = YES;
				CLANG_WARN_BOOL_CONVERSION = YES;
				CLANG_WARN_COMMA = YES;
				CLANG_WARN_CONSTANT_CONVERSION = YES;
				CLANG_WARN_DEPRECATED_OBJC_IMPLEMENTATIONS = YES;
				CLANG_WARN_DIRECT_OBJC_ISA_USAGE = YES_ERROR;
				CLANG_WARN_DOCUMENTATION_COMMENTS = YES;
				CLANG_WARN_EMPTY_BODY = YES;
				CLANG_WARN_ENUM_CONVERSION = YES;
				CLANG_WARN_INFINITE_RECURSION = YES;
				CLANG_WARN_INT_CONVERSION = YES;
				CLANG_WARN_NON_LITERAL_NULL_CONVERSION = YES;
				CLANG_WARN_OBJC_IMPLICIT_RETAIN_SELF = YES;
				CLANG_WARN_OBJC_LITERAL_CONVERSION = YES;
				CLANG_WARN_OBJC_ROOT_CLASS = YES_ERROR;
				CLANG_WARN_QUOTED_INCLUDE_IN_FRAMEWORK_HEADER = YES;
				CLANG_WARN_RANGE_LOOP_ANALYSIS = YES;
				CLANG_WARN_STRICT_PROTOTYPES = YES;
				CLANG_WARN_SUSPICIOUS_MOVE = YES;
				CLANG_WARN_UNGUARDED_AVAILABILITY = YES_AGGRESSIVE;
				CLANG_WARN_UNREACHABLE_CODE = YES;
				CLANG_WARN__DUPLICATE_METHOD_MATCH = YES;
				COPY_PHASE_STRIP = NO;
				DEBUG_INFORMATION_FORMAT = "dwarf-with-dsym";
				ENABLE_NS_ASSERTIONS = NO;
				ENABLE_STRICT_OBJC_MSGSEND = YES;
				GCC_C_LANGUAGE_STANDARD = gnu11;
				GCC_NO_COMMON_BLOCKS = YES;
				GCC_WARN_64_TO_32_BIT_CONVERSION = YES;
				GCC_WARN_ABOUT_RETURN_TYPE = YES_ERROR;
				GCC_WARN_UNDECLARED_SELECTOR = YES;
				GCC_WARN_UNINITIALIZED_AUTOS = YES_AGGRESSIVE;
				GCC_WARN_UNUSED_FUNCTION = YES;
				GCC_WARN_UNUSED_VARIABLE = YES;
				IPHONEOS_DEPLOYMENT_TARGET = 14.1;
				MTL_ENABLE_DEBUG_INFO = NO;
				MTL_FAST_MATH = YES;
				SDKROOT = iphoneos;
				SWIFT_COMPILATION_MODE = wholemodule;
				SWIFT_OPTIMIZATION_LEVEL = "-O";
				VALIDATE_PRODUCT = YES;
			};
			name = Release;
		};
		1E44BF21254912F7006B8082 /* Debug */ = {
			isa = XCBuildConfiguration;
			baseConfigurationReference = 541950486609415F89CBDFF1 /* Pods-FYLottie.debug.xcconfig */;
			buildSettings = {
				ASSETCATALOG_COMPILER_APPICON_NAME = AppIcon;
				ASSETCATALOG_COMPILER_GLOBAL_ACCENT_COLOR_NAME = AccentColor;
				CODE_SIGN_STYLE = Automatic;
				DEVELOPMENT_TEAM = Q9YCK2NA4J;
				INFOPLIST_FILE = FYLottie/Info.plist;
				LD_RUNPATH_SEARCH_PATHS = (
					"$(inherited)",
					"@executable_path/Frameworks",
				);
				PRODUCT_BUNDLE_IDENTIFIER = wangwenwen.FYLottie;
				PRODUCT_NAME = "$(TARGET_NAME)";
				SWIFT_VERSION = 5.0;
				TARGETED_DEVICE_FAMILY = "1,2";
			};
			name = Debug;
		};
		1E44BF22254912F7006B8082 /* Release */ = {
			isa = XCBuildConfiguration;
			baseConfigurationReference = 0CE23243C3496E41B30C0D18 /* Pods-FYLottie.release.xcconfig */;
			buildSettings = {
				ASSETCATALOG_COMPILER_APPICON_NAME = AppIcon;
				ASSETCATALOG_COMPILER_GLOBAL_ACCENT_COLOR_NAME = AccentColor;
				CODE_SIGN_STYLE = Automatic;
				DEVELOPMENT_TEAM = Q9YCK2NA4J;
				INFOPLIST_FILE = FYLottie/Info.plist;
				LD_RUNPATH_SEARCH_PATHS = (
					"$(inherited)",
					"@executable_path/Frameworks",
				);
				PRODUCT_BUNDLE_IDENTIFIER = wangwenwen.FYLottie;
				PRODUCT_NAME = "$(TARGET_NAME)";
				SWIFT_VERSION = 5.0;
				TARGETED_DEVICE_FAMILY = "1,2";
			};
			name = Release;
		};
		1E44BF24254912F7006B8082 /* Debug */ = {
			isa = XCBuildConfiguration;
			baseConfigurationReference = D9836131CDDBF90CD1AA0458 /* Pods-FYLottieTests.debug.xcconfig */;
			buildSettings = {
				ALWAYS_EMBED_SWIFT_STANDARD_LIBRARIES = YES;
				BUNDLE_LOADER = "$(TEST_HOST)";
				CODE_SIGN_STYLE = Automatic;
				DEVELOPMENT_TEAM = Q9YCK2NA4J;
				INFOPLIST_FILE = FYLottieTests/Info.plist;
				IPHONEOS_DEPLOYMENT_TARGET = 14.1;
				LD_RUNPATH_SEARCH_PATHS = (
					"$(inherited)",
					"@executable_path/Frameworks",
					"@loader_path/Frameworks",
				);
				PRODUCT_BUNDLE_IDENTIFIER = wangwenwen.FYLottieTests;
				PRODUCT_NAME = "$(TARGET_NAME)";
				SWIFT_VERSION = 5.0;
				TARGETED_DEVICE_FAMILY = "1,2";
				TEST_HOST = "$(BUILT_PRODUCTS_DIR)/FYLottie.app/FYLottie";
			};
			name = Debug;
		};
		1E44BF25254912F7006B8082 /* Release */ = {
			isa = XCBuildConfiguration;
			baseConfigurationReference = E324AC9FDD6E942400349E27 /* Pods-FYLottieTests.release.xcconfig */;
			buildSettings = {
				ALWAYS_EMBED_SWIFT_STANDARD_LIBRARIES = YES;
				BUNDLE_LOADER = "$(TEST_HOST)";
				CODE_SIGN_STYLE = Automatic;
				DEVELOPMENT_TEAM = Q9YCK2NA4J;
				INFOPLIST_FILE = FYLottieTests/Info.plist;
				IPHONEOS_DEPLOYMENT_TARGET = 14.1;
				LD_RUNPATH_SEARCH_PATHS = (
					"$(inherited)",
					"@executable_path/Frameworks",
					"@loader_path/Frameworks",
				);
				PRODUCT_BUNDLE_IDENTIFIER = wangwenwen.FYLottieTests;
				PRODUCT_NAME = "$(TARGET_NAME)";
				SWIFT_VERSION = 5.0;
				TARGETED_DEVICE_FAMILY = "1,2";
				TEST_HOST = "$(BUILT_PRODUCTS_DIR)/FYLottie.app/FYLottie";
			};
			name = Release;
		};
		1E44BF27254912F7006B8082 /* Debug */ = {
			isa = XCBuildConfiguration;
			baseConfigurationReference = FD826D4A6425A681A99B2546 /* Pods-FYLottie-FYLottieUITests.debug.xcconfig */;
			buildSettings = {
				ALWAYS_EMBED_SWIFT_STANDARD_LIBRARIES = YES;
				CODE_SIGN_STYLE = Automatic;
				DEVELOPMENT_TEAM = Q9YCK2NA4J;
				INFOPLIST_FILE = FYLottieUITests/Info.plist;
				LD_RUNPATH_SEARCH_PATHS = (
					"$(inherited)",
					"@executable_path/Frameworks",
					"@loader_path/Frameworks",
				);
				PRODUCT_BUNDLE_IDENTIFIER = wangwenwen.FYLottieUITests;
				PRODUCT_NAME = "$(TARGET_NAME)";
				SWIFT_VERSION = 5.0;
				TARGETED_DEVICE_FAMILY = "1,2";
				TEST_TARGET_NAME = FYLottie;
			};
			name = Debug;
		};
		1E44BF28254912F7006B8082 /* Release */ = {
			isa = XCBuildConfiguration;
			baseConfigurationReference = ACE7077ACFACB027589A6B6D /* Pods-FYLottie-FYLottieUITests.release.xcconfig */;
			buildSettings = {
				ALWAYS_EMBED_SWIFT_STANDARD_LIBRARIES = YES;
				CODE_SIGN_STYLE = Automatic;
				DEVELOPMENT_TEAM = Q9YCK2NA4J;
				INFOPLIST_FILE = FYLottieUITests/Info.plist;
				LD_RUNPATH_SEARCH_PATHS = (
					"$(inherited)",
					"@executable_path/Frameworks",
					"@loader_path/Frameworks",
				);
				PRODUCT_BUNDLE_IDENTIFIER = wangwenwen.FYLottieUITests;
				PRODUCT_NAME = "$(TARGET_NAME)";
				SWIFT_VERSION = 5.0;
				TARGETED_DEVICE_FAMILY = "1,2";
				TEST_TARGET_NAME = FYLottie;
			};
			name = Release;
		};
/* End XCBuildConfiguration section */

/* Begin XCConfigurationList section */
		1E44BEF1254912F4006B8082 /* Build configuration list for PBXProject "FYLottie" */ = {
			isa = XCConfigurationList;
			buildConfigurations = (
				1E44BF1E254912F7006B8082 /* Debug */,
				1E44BF1F254912F7006B8082 /* Release */,
			);
			defaultConfigurationIsVisible = 0;
			defaultConfigurationName = Release;
		};
		1E44BF20254912F7006B8082 /* Build configuration list for PBXNativeTarget "FYLottie" */ = {
			isa = XCConfigurationList;
			buildConfigurations = (
				1E44BF21254912F7006B8082 /* Debug */,
				1E44BF22254912F7006B8082 /* Release */,
			);
			defaultConfigurationIsVisible = 0;
			defaultConfigurationName = Release;
		};
		1E44BF23254912F7006B8082 /* Build configuration list for PBXNativeTarget "FYLottieTests" */ = {
			isa = XCConfigurationList;
			buildConfigurations = (
				1E44BF24254912F7006B8082 /* Debug */,
				1E44BF25254912F7006B8082 /* Release */,
			);
			defaultConfigurationIsVisible = 0;
			defaultConfigurationName = Release;
		};
		1E44BF26254912F7006B8082 /* Build configuration list for PBXNativeTarget "FYLottieUITests" */ = {
			isa = XCConfigurationList;
			buildConfigurations = (
				1E44BF27254912F7006B8082 /* Debug */,
				1E44BF28254912F7006B8082 /* Release */,
			);
			defaultConfigurationIsVisible = 0;
			defaultConfigurationName = Release;
		};
/* End XCConfigurationList section */
	};
	rootObject = 1E44BEEE254912F4006B8082 /* Project object */;
}
